
Microsoft Visual Studio Solution File, Format Version 12.00
# Visual Studio Version 17
VisualStudioVersion = 17.11.35303.130
MinimumVisualStudioVersion = 10.0.40219.1
Project("{FAE04EC0-301F-11D3-BF4B-00C04F79EFBC}") = "AssetMangement", "AssetMangement\AssetMangement.csproj", "{CCE2DF34-B38C-4B41-9A67-9E8D2AFDD62E}"
EndProject
Project("{FAE04EC0-301F-11D3-BF4B-00C04F79EFBC}") = "Domain", "Domain\Domain.csproj", "{C651104C-A23A-4EE7-97EE-5CC705E4E3B7}"
EndProject
Project("{FAE04EC0-301F-11D3-BF4B-00C04F79EFBC}") = "Application", "Application\Application.csproj", "{14EB0B1A-C54D-4F65-818E-4175AD0A68A5}"
EndProject
Project("{FAE04EC0-301F-11D3-BF4B-00C04F79EFBC}") = "Infrastructure", "Infrastructure\Infrastructure.csproj", "{41EC887C-ED27-478A-9BA0-886FB0561AC1}"
EndProject
Global
	GlobalSection(SolutionConfigurationPlatforms) = preSolution
		Debug|Any CPU = Debug|Any CPU
		Release|Any CPU = Release|Any CPU
	EndGlobalSection
	GlobalSection(ProjectConfigurationPlatforms) = postSolution
		{CCE2DF34-B38C-4B41-9A67-9E8D2AFDD62E}.Debug|Any CPU.ActiveCfg = Debug|Any CPU
		{CCE2DF34-B38C-4B41-9A67-9E8D2AFDD62E}.Debug|Any CPU.Build.0 = Debug|Any CPU
		{CCE2DF34-B38C-4B41-9A67-9E8D2AFDD62E}.Release|Any CPU.ActiveCfg = Release|Any CPU
		{CCE2DF34-B38C-4B41-9A67-9E8D2AFDD62E}.Release|Any CPU.Build.0 = Release|Any CPU
		{C651104C-A23A-4EE7-97EE-5CC705E4E3B7}.Debug|Any CPU.ActiveCfg = Debug|Any CPU
		{C651104C-A23A-4EE7-97EE-5CC705E4E3B7}.Debug|Any CPU.Build.0 = Debug|Any CPU
		{C651104C-A23A-4EE7-97EE-5CC705E4E3B7}.Release|Any CPU.ActiveCfg = Release|Any CPU
		{C651104C-A23A-4EE7-97EE-5CC705E4E3B7}.Release|Any CPU.Build.0 = Release|Any CPU
		{14EB0B1A-C54D-4F65-818E-4175AD0A68A5}.Debug|Any CPU.ActiveCfg = Debug|Any CPU
		{14EB0B1A-C54D-4F65-818E-4175AD0A68A5}.Debug|Any CPU.Build.0 = Debug|Any CPU
		{14EB0B1A-C54D-4F65-818E-4175AD0A68A5}.Release|Any CPU.ActiveCfg = Release|Any CPU
		{14EB0B1A-C54D-4F65-818E-4175AD0A68A5}.Release|Any CPU.Build.0 = Release|Any CPU
		{41EC887C-ED27-478A-9BA0-886FB0561AC1}.Debug|Any CPU.ActiveCfg = Debug|Any CPU
		{41EC887C-ED27-478A-9BA0-886FB0561AC1}.Debug|Any CPU.Build.0 = Debug|Any CPU
		{41EC887C-ED27-478A-9BA0-886FB0561AC1}.Release|Any CPU.ActiveCfg = Release|Any CPU
		{41EC887C-ED27-478A-9BA0-886FB0561AC1}.Release|Any CPU.Build.0 = Release|Any CPU
	EndGlobalSection
	GlobalSection(SolutionProperties) = preSolution
		HideSolutionNode = FALSE
	EndGlobalSection
	GlobalSection(ExtensibilityGlobals) = postSolution
		SolutionGuid = {89933EBF-0EEE-4D5C-A0EB-7C6521F7653F}
	EndGlobalSection
EndGlobal
